
Microsoft Visual Studio Solution File, Format Version 12.00
# Visual Studio 15
VisualStudioVersion = 15.0.27004.2010
MinimumVisualStudioVersion = 10.0.40219.1
Project("{FAE04EC0-301F-11D3-BF4B-00C04F79EFBC}") = "HANGMAN", "HANGMAN\HANGMAN.csproj", "{3D0713A5-6FB8-4075-8030-C5E7FBE7F899}"
EndProject
Global
	GlobalSection(SolutionConfigurationPlatforms) = preSolution
		Debug|Any CPU = Debug|Any CPU
		Release|Any CPU = Release|Any CPU
	EndGlobalSection
	GlobalSection(ProjectConfigurationPlatforms) = postSolution
		{3D0713A5-6FB8-4075-8030-C5E7FBE7F899}.Debug|Any CPU.ActiveCfg = Debug|Any CPU
		{3D0713A5-6FB8-4075-8030-C5E7FBE7F899}.Debug|Any CPU.Build.0 = Debug|Any CPU
		{3D0713A5-6FB8-4075-8030-C5E7FBE7F899}.Release|Any CPU.ActiveCfg = Release|Any CPU
		{3D0713A5-6FB8-4075-8030-C5E7FBE7F899}.Release|Any CPU.Build.0 = Release|Any CPU
	EndGlobalSection
	GlobalSection(SolutionProperties) = preSolution
		HideSolutionNode = FALSE
	EndGlobalSection
	GlobalSection(ExtensibilityGlobals) = postSolution
		SolutionGuid = {D759DA58-DD7F-4AC4-93C0-28BCC4E0445E}
	EndGlobalSection
EndGlobal
